
Microsoft Visual Studio Solution File, Format Version 12.00
# Visual Studio Version 16
VisualStudioVersion = 16.6.30114.105
MinimumVisualStudioVersion = 10.0.40219.1
Project("{FAE04EC0-301F-11D3-BF4B-00C04F79EFBC}") = "Penguin.Cms.Forms.Local", "Penguin.Cms.Forms.Local.csproj", "{89B8F7EB-2D80-482C-9601-F68C07892F4B}"
EndProject
Project("{FAE04EC0-301F-11D3-BF4B-00C04F79EFBC}") = "Penguin.Forms.Abstractions.Local", "..\Penguin.Forms.Abstractions\Penguin.Forms.Abstractions.Local.csproj", "{2FFA4111-A141-4A81-A94F-39FACFEF6811}"
EndProject
Project("{FAE04EC0-301F-11D3-BF4B-00C04F79EFBC}") = "Penguin.Cms.Abstractions.Local", "..\Penguin.Cms.Abstractions\Penguin.Cms.Abstractions.Local.csproj", "{525CDF03-D732-44BF-A82F-61413C5F0CC7}"
EndProject
Project("{FAE04EC0-301F-11D3-BF4B-00C04F79EFBC}") = "Penguin.DependencyInjection.Abstractions.Local", "..\Penguin.DependencyInjection.Abstractions\Penguin.DependencyInjection.Abstractions.Local.csproj", "{E52CDAF3-068A-4741-861F-17A9002C2035}"
EndProject
Project("{FAE04EC0-301F-11D3-BF4B-00C04F79EFBC}") = "Penguin.Persistence.Abstractions.Local", "..\Penguin.Persistence.Abstractions\Penguin.Persistence.Abstractions.Local.csproj", "{B7F3611E-B44B-454A-9B5C-C9BE957A174A}"
EndProject
Project("{FAE04EC0-301F-11D3-BF4B-00C04F79EFBC}") = "Penguin.Entities.Abstractions.Local", "..\Penguin.Entities.Abstractions\Penguin.Entities.Abstractions.Local.csproj", "{11CFCAE5-78B5-4B5D-B435-CCA8D8C9EB66}"
EndProject
Project("{FAE04EC0-301F-11D3-BF4B-00C04F79EFBC}") = "Penguin.Reflection.Extensions.Local", "..\Penguin.Reflection.Extensions\Penguin.Reflection.Extensions.Local.csproj", "{998FE7CD-E174-48F6-B235-0E6E048772A1}"
EndProject
Project("{FAE04EC0-301F-11D3-BF4B-00C04F79EFBC}") = "Penguin.Reflection.Abstractions.Local", "..\Penguin.Reflection.Abstractions\Penguin.Reflection.Abstractions.Local.csproj", "{608AA510-B275-4FA3-84FB-7BFC85DBAE0D}"
EndProject
Project("{FAE04EC0-301F-11D3-BF4B-00C04F79EFBC}") = "Penguin.Extensions.String.Local", "..\Penguin.Extensions.String\Penguin.Extensions.String.Local.csproj", "{42F88602-CDCA-413C-89E7-0E4C99A32E7F}"
EndProject
Project("{FAE04EC0-301F-11D3-BF4B-00C04F79EFBC}") = "Penguin.Cms.Entities.Local", "..\Penguin.Cms.Entities\Penguin.Cms.Entities.Local.csproj", "{BC4AB4A5-A577-48AD-85DB-CDE296791F1A}"
EndProject
Global
	GlobalSection(SolutionConfigurationPlatforms) = preSolution
		Debug|Any CPU = Debug|Any CPU
		Debug|x64 = Debug|x64
		Debug|x86 = Debug|x86
		Release|Any CPU = Release|Any CPU
		Release|x64 = Release|x64
		Release|x86 = Release|x86
	EndGlobalSection
	GlobalSection(SolutionProperties) = preSolution
		HideSolutionNode = FALSE
	EndGlobalSection
	GlobalSection(ProjectConfigurationPlatforms) = postSolution
		{89B8F7EB-2D80-482C-9601-F68C07892F4B}.Debug|Any CPU.ActiveCfg = Debug|Any CPU
		{89B8F7EB-2D80-482C-9601-F68C07892F4B}.Debug|Any CPU.Build.0 = Debug|Any CPU
		{89B8F7EB-2D80-482C-9601-F68C07892F4B}.Debug|x64.ActiveCfg = Debug|Any CPU
		{89B8F7EB-2D80-482C-9601-F68C07892F4B}.Debug|x64.Build.0 = Debug|Any CPU
		{89B8F7EB-2D80-482C-9601-F68C07892F4B}.Debug|x86.ActiveCfg = Debug|Any CPU
		{89B8F7EB-2D80-482C-9601-F68C07892F4B}.Debug|x86.Build.0 = Debug|Any CPU
		{89B8F7EB-2D80-482C-9601-F68C07892F4B}.Release|Any CPU.ActiveCfg = Release|Any CPU
		{89B8F7EB-2D80-482C-9601-F68C07892F4B}.Release|Any CPU.Build.0 = Release|Any CPU
		{89B8F7EB-2D80-482C-9601-F68C07892F4B}.Release|x64.ActiveCfg = Release|Any CPU
		{89B8F7EB-2D80-482C-9601-F68C07892F4B}.Release|x64.Build.0 = Release|Any CPU
		{89B8F7EB-2D80-482C-9601-F68C07892F4B}.Release|x86.ActiveCfg = Release|Any CPU
		{89B8F7EB-2D80-482C-9601-F68C07892F4B}.Release|x86.Build.0 = Release|Any CPU
		{2FFA4111-A141-4A81-A94F-39FACFEF6811}.Debug|Any CPU.ActiveCfg = Debug|Any CPU
		{2FFA4111-A141-4A81-A94F-39FACFEF6811}.Debug|Any CPU.Build.0 = Debug|Any CPU
		{2FFA4111-A141-4A81-A94F-39FACFEF6811}.Debug|x64.ActiveCfg = Debug|Any CPU
		{2FFA4111-A141-4A81-A94F-39FACFEF6811}.Debug|x64.Build.0 = Debug|Any CPU
		{2FFA4111-A141-4A81-A94F-39FACFEF6811}.Debug|x86.ActiveCfg = Debug|Any CPU
		{2FFA4111-A141-4A81-A94F-39FACFEF6811}.Debug|x86.Build.0 = Debug|Any CPU
		{2FFA4111-A141-4A81-A94F-39FACFEF6811}.Release|Any CPU.ActiveCfg = Release|Any CPU
		{2FFA4111-A141-4A81-A94F-39FACFEF6811}.Release|Any CPU.Build.0 = Release|Any CPU
		{2FFA4111-A141-4A81-A94F-39FACFEF6811}.Release|x64.ActiveCfg = Release|Any CPU
		{2FFA4111-A141-4A81-A94F-39FACFEF6811}.Release|x64.Build.0 = Release|Any CPU
		{2FFA4111-A141-4A81-A94F-39FACFEF6811}.Release|x86.ActiveCfg = Release|Any CPU
		{2FFA4111-A141-4A81-A94F-39FACFEF6811}.Release|x86.Build.0 = Release|Any CPU
		{525CDF03-D732-44BF-A82F-61413C5F0CC7}.Debug|Any CPU.ActiveCfg = Debug|Any CPU
		{525CDF03-D732-44BF-A82F-61413C5F0CC7}.Debug|Any CPU.Build.0 = Debug|Any CPU
		{525CDF03-D732-44BF-A82F-61413C5F0CC7}.Debug|x64.ActiveCfg = Debug|Any CPU
		{525CDF03-D732-44BF-A82F-61413C5F0CC7}.Debug|x64.Build.0 = Debug|Any CPU
		{525CDF03-D732-44BF-A82F-61413C5F0CC7}.Debug|x86.ActiveCfg = Debug|Any CPU
		{525CDF03-D732-44BF-A82F-61413C5F0CC7}.Debug|x86.Build.0 = Debug|Any CPU
		{525CDF03-D732-44BF-A82F-61413C5F0CC7}.Release|Any CPU.ActiveCfg = Release|Any CPU
		{525CDF03-D732-44BF-A82F-61413C5F0CC7}.Release|Any CPU.Build.0 = Release|Any CPU
		{525CDF03-D732-44BF-A82F-61413C5F0CC7}.Release|x64.ActiveCfg = Release|Any CPU
		{525CDF03-D732-44BF-A82F-61413C5F0CC7}.Release|x64.Build.0 = Release|Any CPU
		{525CDF03-D732-44BF-A82F-61413C5F0CC7}.Release|x86.ActiveCfg = Release|Any CPU
		{525CDF03-D732-44BF-A82F-61413C5F0CC7}.Release|x86.Build.0 = Release|Any CPU
		{E52CDAF3-068A-4741-861F-17A9002C2035}.Debug|Any CPU.ActiveCfg = Debug|Any CPU
		{E52CDAF3-068A-4741-861F-17A9002C2035}.Debug|Any CPU.Build.0 = Debug|Any CPU
		{E52CDAF3-068A-4741-861F-17A9002C2035}.Debug|x64.ActiveCfg = Debug|Any CPU
		{E52CDAF3-068A-4741-861F-17A9002C2035}.Debug|x64.Build.0 = Debug|Any CPU
		{E52CDAF3-068A-4741-861F-17A9002C2035}.Debug|x86.ActiveCfg = Debug|Any CPU
		{E52CDAF3-068A-4741-861F-17A9002C2035}.Debug|x86.Build.0 = Debug|Any CPU
		{E52CDAF3-068A-4741-861F-17A9002C2035}.Release|Any CPU.ActiveCfg = Release|Any CPU
		{E52CDAF3-068A-4741-861F-17A9002C2035}.Release|Any CPU.Build.0 = Release|Any CPU
		{E52CDAF3-068A-4741-861F-17A9002C2035}.Release|x64.ActiveCfg = Release|Any CPU
		{E52CDAF3-068A-4741-861F-17A9002C2035}.Release|x64.Build.0 = Release|Any CPU
		{E52CDAF3-068A-4741-861F-17A9002C2035}.Release|x86.ActiveCfg = Release|Any CPU
		{E52CDAF3-068A-4741-861F-17A9002C2035}.Release|x86.Build.0 = Release|Any CPU
		{B7F3611E-B44B-454A-9B5C-C9BE957A174A}.Debug|Any CPU.ActiveCfg = Debug|Any CPU
		{B7F3611E-B44B-454A-9B5C-C9BE957A174A}.Debug|Any CPU.Build.0 = Debug|Any CPU
		{B7F3611E-B44B-454A-9B5C-C9BE957A174A}.Debug|x64.ActiveCfg = Debug|Any CPU
		{B7F3611E-B44B-454A-9B5C-C9BE957A174A}.Debug|x64.Build.0 = Debug|Any CPU
		{B7F3611E-B44B-454A-9B5C-C9BE957A174A}.Debug|x86.ActiveCfg = Debug|Any CPU
		{B7F3611E-B44B-454A-9B5C-C9BE957A174A}.Debug|x86.Build.0 = Debug|Any CPU
		{B7F3611E-B44B-454A-9B5C-C9BE957A174A}.Release|Any CPU.ActiveCfg = Release|Any CPU
		{B7F3611E-B44B-454A-9B5C-C9BE957A174A}.Release|Any CPU.Build.0 = Release|Any CPU
		{B7F3611E-B44B-454A-9B5C-C9BE957A174A}.Release|x64.ActiveCfg = Release|Any CPU
		{B7F3611E-B44B-454A-9B5C-C9BE957A174A}.Release|x64.Build.0 = Release|Any CPU
		{B7F3611E-B44B-454A-9B5C-C9BE957A174A}.Release|x86.ActiveCfg = Release|Any CPU
		{B7F3611E-B44B-454A-9B5C-C9BE957A174A}.Release|x86.Build.0 = Release|Any CPU
		{11CFCAE5-78B5-4B5D-B435-CCA8D8C9EB66}.Debug|Any CPU.ActiveCfg = Debug|Any CPU
		{11CFCAE5-78B5-4B5D-B435-CCA8D8C9EB66}.Debug|Any CPU.Build.0 = Debug|Any CPU
		{11CFCAE5-78B5-4B5D-B435-CCA8D8C9EB66}.Debug|x64.ActiveCfg = Debug|Any CPU
		{11CFCAE5-78B5-4B5D-B435-CCA8D8C9EB66}.Debug|x64.Build.0 = Debug|Any CPU
		{11CFCAE5-78B5-4B5D-B435-CCA8D8C9EB66}.Debug|x86.ActiveCfg = Debug|Any CPU
		{11CFCAE5-78B5-4B5D-B435-CCA8D8C9EB66}.Debug|x86.Build.0 = Debug|Any CPU
		{11CFCAE5-78B5-4B5D-B435-CCA8D8C9EB66}.Release|Any CPU.ActiveCfg = Release|Any CPU
		{11CFCAE5-78B5-4B5D-B435-CCA8D8C9EB66}.Release|Any CPU.Build.0 = Release|Any CPU
		{11CFCAE5-78B5-4B5D-B435-CCA8D8C9EB66}.Release|x64.ActiveCfg = Release|Any CPU
		{11CFCAE5-78B5-4B5D-B435-CCA8D8C9EB66}.Release|x64.Build.0 = Release|Any CPU
		{11CFCAE5-78B5-4B5D-B435-CCA8D8C9EB66}.Release|x86.ActiveCfg = Release|Any CPU
		{11CFCAE5-78B5-4B5D-B435-CCA8D8C9EB66}.Release|x86.Build.0 = Release|Any CPU
		{998FE7CD-E174-48F6-B235-0E6E048772A1}.Debug|Any CPU.ActiveCfg = Debug|Any CPU
		{998FE7CD-E174-48F6-B235-0E6E048772A1}.Debug|Any CPU.Build.0 = Debug|Any CPU
		{998FE7CD-E174-48F6-B235-0E6E048772A1}.Debug|x64.ActiveCfg = Debug|Any CPU
		{998FE7CD-E174-48F6-B235-0E6E048772A1}.Debug|x64.Build.0 = Debug|Any CPU
		{998FE7CD-E174-48F6-B235-0E6E048772A1}.Debug|x86.ActiveCfg = Debug|Any CPU
		{998FE7CD-E174-48F6-B235-0E6E048772A1}.Debug|x86.Build.0 = Debug|Any CPU
		{998FE7CD-E174-48F6-B235-0E6E048772A1}.Release|Any CPU.ActiveCfg = Release|Any CPU
		{998FE7CD-E174-48F6-B235-0E6E048772A1}.Release|Any CPU.Build.0 = Release|Any CPU
		{998FE7CD-E174-48F6-B235-0E6E048772A1}.Release|x64.ActiveCfg = Release|Any CPU
		{998FE7CD-E174-48F6-B235-0E6E048772A1}.Release|x64.Build.0 = Release|Any CPU
		{998FE7CD-E174-48F6-B235-0E6E048772A1}.Release|x86.ActiveCfg = Release|Any CPU
		{998FE7CD-E174-48F6-B235-0E6E048772A1}.Release|x86.Build.0 = Release|Any CPU
		{608AA510-B275-4FA3-84FB-7BFC85DBAE0D}.Debug|Any CPU.ActiveCfg = Debug|Any CPU
		{608AA510-B275-4FA3-84FB-7BFC85DBAE0D}.Debug|Any CPU.Build.0 = Debug|Any CPU
		{608AA510-B275-4FA3-84FB-7BFC85DBAE0D}.Debug|x64.ActiveCfg = Debug|Any CPU
		{608AA510-B275-4FA3-84FB-7BFC85DBAE0D}.Debug|x64.Build.0 = Debug|Any CPU
		{608AA510-B275-4FA3-84FB-7BFC85DBAE0D}.Debug|x86.ActiveCfg = Debug|Any CPU
		{608AA510-B275-4FA3-84FB-7BFC85DBAE0D}.Debug|x86.Build.0 = Debug|Any CPU
		{608AA510-B275-4FA3-84FB-7BFC85DBAE0D}.Release|Any CPU.ActiveCfg = Release|Any CPU
		{608AA510-B275-4FA3-84FB-7BFC85DBAE0D}.Release|Any CPU.Build.0 = Release|Any CPU
		{608AA510-B275-4FA3-84FB-7BFC85DBAE0D}.Release|x64.ActiveCfg = Release|Any CPU
		{608AA510-B275-4FA3-84FB-7BFC85DBAE0D}.Release|x64.Build.0 = Release|Any CPU
		{608AA510-B275-4FA3-84FB-7BFC85DBAE0D}.Release|x86.ActiveCfg = Release|Any CPU
		{608AA510-B275-4FA3-84FB-7BFC85DBAE0D}.Release|x86.Build.0 = Release|Any CPU
		{42F88602-CDCA-413C-89E7-0E4C99A32E7F}.Debug|Any CPU.ActiveCfg = Debug|Any CPU
		{42F88602-CDCA-413C-89E7-0E4C99A32E7F}.Debug|Any CPU.Build.0 = Debug|Any CPU
		{42F88602-CDCA-413C-89E7-0E4C99A32E7F}.Debug|x64.ActiveCfg = Debug|Any CPU
		{42F88602-CDCA-413C-89E7-0E4C99A32E7F}.Debug|x64.Build.0 = Debug|Any CPU
		{42F88602-CDCA-413C-89E7-0E4C99A32E7F}.Debug|x86.ActiveCfg = Debug|Any CPU
		{42F88602-CDCA-413C-89E7-0E4C99A32E7F}.Debug|x86.Build.0 = Debug|Any CPU
		{42F88602-CDCA-413C-89E7-0E4C99A32E7F}.Release|Any CPU.ActiveCfg = Release|Any CPU
		{42F88602-CDCA-413C-89E7-0E4C99A32E7F}.Release|Any CPU.Build.0 = Release|Any CPU
		{42F88602-CDCA-413C-89E7-0E4C99A32E7F}.Release|x64.ActiveCfg = Release|Any CPU
		{42F88602-CDCA-413C-89E7-0E4C99A32E7F}.Release|x64.Build.0 = Release|Any CPU
		{42F88602-CDCA-413C-89E7-0E4C99A32E7F}.Release|x86.ActiveCfg = Release|Any CPU
		{42F88602-CDCA-413C-89E7-0E4C99A32E7F}.Release|x86.Build.0 = Release|Any CPU
		{BC4AB4A5-A577-48AD-85DB-CDE296791F1A}.Debug|Any CPU.ActiveCfg = Debug|Any CPU
		{BC4AB4A5-A577-48AD-85DB-CDE296791F1A}.Debug|Any CPU.Build.0 = Debug|Any CPU
		{BC4AB4A5-A577-48AD-85DB-CDE296791F1A}.Debug|x64.ActiveCfg = Debug|Any CPU
		{BC4AB4A5-A577-48AD-85DB-CDE296791F1A}.Debug|x64.Build.0 = Debug|Any CPU
		{BC4AB4A5-A577-48AD-85DB-CDE296791F1A}.Debug|x86.ActiveCfg = Debug|Any CPU
		{BC4AB4A5-A577-48AD-85DB-CDE296791F1A}.Debug|x86.Build.0 = Debug|Any CPU
		{BC4AB4A5-A577-48AD-85DB-CDE296791F1A}.Release|Any CPU.ActiveCfg = Release|Any CPU
		{BC4AB4A5-A577-48AD-85DB-CDE296791F1A}.Release|Any CPU.Build.0 = Release|Any CPU
		{BC4AB4A5-A577-48AD-85DB-CDE296791F1A}.Release|x64.ActiveCfg = Release|Any CPU
		{BC4AB4A5-A577-48AD-85DB-CDE296791F1A}.Release|x64.Build.0 = Release|Any CPU
		{BC4AB4A5-A577-48AD-85DB-CDE296791F1A}.Release|x86.ActiveCfg = Release|Any CPU
		{BC4AB4A5-A577-48AD-85DB-CDE296791F1A}.Release|x86.Build.0 = Release|Any CPU
	EndGlobalSection
EndGlobal
